
Microsoft Visual Studio Solution File, Format Version 12.00
# Visual Studio Version 17
VisualStudioVersion = 17.13.35931.197 d17.13
MinimumVisualStudioVersion = 10.0.40219.1
Project("{FAE04EC0-301F-11D3-BF4B-00C04F79EFBC}") = "BirthdayPokemonConsole", "BirthdayPokemonConsole.csproj", "{274FE6BB-CA29-408B-8C9E-F4206D4289E9}"
EndProject
Project("{FAE04EC0-301F-11D3-BF4B-00C04F79EFBC}") = "BirthdayPokemonCore", "..\BirthdayPokemonCore\BirthdayPokemonCore.csproj", "{89B13A7F-2991-4731-905B-1E7DDCCEBB5C}"
EndProject
Project("{FAE04EC0-301F-11D3-BF4B-00C04F79EFBC}") = "BirthdayPokemonTestXunit", "..\BirthdayPokemonTestXunit\BirthdayPokemonTestXunit.csproj", "{6364656A-CF7B-4611-A46A-35DC4E2FD39B}"
EndProject
Project("{FAE04EC0-301F-11D3-BF4B-00C04F79EFBC}") = "BirthdayPokemonWeb", "..\BirthdayPokemonWeb\BirthdayPokemonWeb.csproj", "{C63C1A31-1ADD-45DF-BB69-0EFAC0173974}"
EndProject
Global
	GlobalSection(SolutionConfigurationPlatforms) = preSolution
		Debug|Any CPU = Debug|Any CPU
		Release|Any CPU = Release|Any CPU
	EndGlobalSection
	GlobalSection(ProjectConfigurationPlatforms) = postSolution
		{274FE6BB-CA29-408B-8C9E-F4206D4289E9}.Debug|Any CPU.ActiveCfg = Debug|Any CPU
		{274FE6BB-CA29-408B-8C9E-F4206D4289E9}.Debug|Any CPU.Build.0 = Debug|Any CPU
		{274FE6BB-CA29-408B-8C9E-F4206D4289E9}.Release|Any CPU.ActiveCfg = Release|Any CPU
		{274FE6BB-CA29-408B-8C9E-F4206D4289E9}.Release|Any CPU.Build.0 = Release|Any CPU
		{89B13A7F-2991-4731-905B-1E7DDCCEBB5C}.Debug|Any CPU.ActiveCfg = Debug|Any CPU
		{89B13A7F-2991-4731-905B-1E7DDCCEBB5C}.Debug|Any CPU.Build.0 = Debug|Any CPU
		{89B13A7F-2991-4731-905B-1E7DDCCEBB5C}.Release|Any CPU.ActiveCfg = Release|Any CPU
		{89B13A7F-2991-4731-905B-1E7DDCCEBB5C}.Release|Any CPU.Build.0 = Release|Any CPU
		{6364656A-CF7B-4611-A46A-35DC4E2FD39B}.Debug|Any CPU.ActiveCfg = Debug|Any CPU
		{6364656A-CF7B-4611-A46A-35DC4E2FD39B}.Debug|Any CPU.Build.0 = Debug|Any CPU
		{6364656A-CF7B-4611-A46A-35DC4E2FD39B}.Release|Any CPU.ActiveCfg = Release|Any CPU
		{6364656A-CF7B-4611-A46A-35DC4E2FD39B}.Release|Any CPU.Build.0 = Release|Any CPU
		{C63C1A31-1ADD-45DF-BB69-0EFAC0173974}.Debug|Any CPU.ActiveCfg = Debug|Any CPU
		{C63C1A31-1ADD-45DF-BB69-0EFAC0173974}.Debug|Any CPU.Build.0 = Debug|Any CPU
		{C63C1A31-1ADD-45DF-BB69-0EFAC0173974}.Release|Any CPU.ActiveCfg = Release|Any CPU
		{C63C1A31-1ADD-45DF-BB69-0EFAC0173974}.Release|Any CPU.Build.0 = Release|Any CPU
	EndGlobalSection
	GlobalSection(SolutionProperties) = preSolution
		HideSolutionNode = FALSE
	EndGlobalSection
	GlobalSection(ExtensibilityGlobals) = postSolution
		SolutionGuid = {D8D5154E-9BFC-4573-B222-80A092AC2D2B}
	EndGlobalSection
EndGlobal
